
Microsoft Visual Studio Solution File, Format Version 12.00
# Visual Studio Version 17
VisualStudioVersion = 17.2.32519.379
MinimumVisualStudioVersion = 10.0.40219.1
Project("{888888A0-9F3D-457C-B088-3A5042F75D52}") = "võimalus 4", "võimalus 4\võimalus 4.pyproj", "{D9B0F8EE-F72B-4889-973D-EE5337E1927E}"
EndProject
Global
	GlobalSection(SolutionConfigurationPlatforms) = preSolution
		Debug|Any CPU = Debug|Any CPU
		Release|Any CPU = Release|Any CPU
	EndGlobalSection
	GlobalSection(ProjectConfigurationPlatforms) = postSolution
		{D9B0F8EE-F72B-4889-973D-EE5337E1927E}.Debug|Any CPU.ActiveCfg = Debug|Any CPU
		{D9B0F8EE-F72B-4889-973D-EE5337E1927E}.Release|Any CPU.ActiveCfg = Release|Any CPU
	EndGlobalSection
	GlobalSection(SolutionProperties) = preSolution
		HideSolutionNode = FALSE
	EndGlobalSection
	GlobalSection(ExtensibilityGlobals) = postSolution
		SolutionGuid = {BC50A616-0F4D-4100-BD16-EC605AFCC668}
	EndGlobalSection
EndGlobal
